
Microsoft Visual Studio Solution File, Format Version 12.00
# Visual Studio Version 16
VisualStudioVersion = 16.0.31624.102
MinimumVisualStudioVersion = 10.0.40219.1
Project("{FAE04EC0-301F-11D3-BF4B-00C04F79EFBC}") = "program1", "program1\program1.csproj", "{A8FDE0E6-6026-4D31-9846-E8346D0FAB68}"
EndProject
Global
	GlobalSection(SolutionConfigurationPlatforms) = preSolution
		Debug|Any CPU = Debug|Any CPU
		Release|Any CPU = Release|Any CPU
	EndGlobalSection
	GlobalSection(ProjectConfigurationPlatforms) = postSolution
		{A8FDE0E6-6026-4D31-9846-E8346D0FAB68}.Debug|Any CPU.ActiveCfg = Debug|Any CPU
		{A8FDE0E6-6026-4D31-9846-E8346D0FAB68}.Debug|Any CPU.Build.0 = Debug|Any CPU
		{A8FDE0E6-6026-4D31-9846-E8346D0FAB68}.Release|Any CPU.ActiveCfg = Release|Any CPU
		{A8FDE0E6-6026-4D31-9846-E8346D0FAB68}.Release|Any CPU.Build.0 = Release|Any CPU
	EndGlobalSection
	GlobalSection(SolutionProperties) = preSolution
		HideSolutionNode = FALSE
	EndGlobalSection
	GlobalSection(ExtensibilityGlobals) = postSolution
		SolutionGuid = {B5DB8B1D-AA01-4C58-A86C-7CC5CA2B59F2}
	EndGlobalSection
EndGlobal
